// !$*UTF8*$!
{
	archiveVersion = 1;
	classes = {
	};
	objectVersion = 77;
	objects = {

/* Begin PBXBuildFile section */
		AD29B73C2E3940EA00D368D9 /* PR GO Watch App.app in Embed Watch Content */ = {isa = PBXBuildFile; fileRef = AD29B7322E3940E800D368D9 /* PR GO Watch App.app */; settings = {ATTRIBUTES = (RemoveHeadersOnCopy, ); }; };
		EE8FFDA32E3FD27000C9A13C /* OneSignalNotificationServiceExtension.appex in Embed Foundation Extensions */ = {isa = PBXBuildFile; fileRef = EE8FFD9C2E3FD27000C9A13C /* OneSignalNotificationServiceExtension.appex */; settings = {ATTRIBUTES = (RemoveHeadersOnCopy, ); }; };
		EE8FFDAC2E3FD3E700C9A13C /* OneSignalExtension in Frameworks */ = {isa = PBXBuildFile; productRef = EE8FFDAB2E3FD3E700C9A13C /* OneSignalExtension */; };
		EE8FFDAE2E3FD3E700C9A13C /* OneSignalFramework in Frameworks */ = {isa = PBXBuildFile; productRef = EE8FFDAD2E3FD3E700C9A13C /* OneSignalFramework */; };
		EE8FFDB02E3FD3E700C9A13C /* OneSignalInAppMessages in Frameworks */ = {isa = PBXBuildFile; productRef = EE8FFDAF2E3FD3E700C9A13C /* OneSignalInAppMessages */; };
/* End PBXBuildFile section */

/* Begin PBXContainerItemProxy section */
		AD29B7252E393FF500D368D9 /* PBXContainerItemProxy */ = {
			isa = PBXContainerItemProxy;
			containerPortal = AD9FF4F22DCE978500E50BD9 /* Project object */;
			proxyType = 1;
			remoteGlobalIDString = AD29B71C2E393FF300D368D9;
			remoteInfo = "BG Predict Watch App";
		};
		AD29B73A2E3940EA00D368D9 /* PBXContainerItemProxy */ = {
			isa = PBXContainerItemProxy;
			containerPortal = AD9FF4F22DCE978500E50BD9 /* Project object */;
			proxyType = 1;
			remoteGlobalIDString = AD29B7312E3940E800D368D9;
			remoteInfo = "PR GO Watch App";
		};
		AD9FF50A2DCE978700E50BD9 /* PBXContainerItemProxy */ = {
			isa = PBXContainerItemProxy;
			containerPortal = AD9FF4F22DCE978500E50BD9 /* Project object */;
			proxyType = 1;
			remoteGlobalIDString = AD9FF4F92DCE978500E50BD9;
			remoteInfo = NightScouttoHealthKit;
		};
		AD9FF5142DCE978700E50BD9 /* PBXContainerItemProxy */ = {
			isa = PBXContainerItemProxy;
			containerPortal = AD9FF4F22DCE978500E50BD9 /* Project object */;
			proxyType = 1;
			remoteGlobalIDString = AD9FF4F92DCE978500E50BD9;
			remoteInfo = NightScouttoHealthKit;
		};
		EE8FFDA12E3FD27000C9A13C /* PBXContainerItemProxy */ = {
			isa = PBXContainerItemProxy;
			containerPortal = AD9FF4F22DCE978500E50BD9 /* Project object */;
			proxyType = 1;
			remoteGlobalIDString = EE8FFD9B2E3FD27000C9A13C;
			remoteInfo = OneSignalNotificationServiceExtension;
		};
/* End PBXContainerItemProxy section */

/* Begin PBXCopyFilesBuildPhase section */
		AD29B72B2E393FF500D368D9 /* Embed Watch Content */ = {
			isa = PBXCopyFilesBuildPhase;
			buildActionMask = 2147483647;
			dstPath = "$(CONTENTS_FOLDER_PATH)/Watch";
			dstSubfolderSpec = 16;
			files = (
				AD29B73C2E3940EA00D368D9 /* PR GO Watch App.app in Embed Watch Content */,
			);
			name = "Embed Watch Content";
			runOnlyForDeploymentPostprocessing = 0;
		};
		EE8FFDA82E3FD27000C9A13C /* Embed Foundation Extensions */ = {
			isa = PBXCopyFilesBuildPhase;
			buildActionMask = 2147483647;
			dstPath = "";
			dstSubfolderSpec = 13;
			files = (
				EE8FFDA32E3FD27000C9A13C /* OneSignalNotificationServiceExtension.appex in Embed Foundation Extensions */,
			);
			name = "Embed Foundation Extensions";
			runOnlyForDeploymentPostprocessing = 0;
		};
/* End PBXCopyFilesBuildPhase section */

/* Begin PBXFileReference section */
		AD29B7322E3940E800D368D9 /* PR GO Watch App.app */ = {isa = PBXFileReference; explicitFileType = wrapper.application; includeInIndex = 0; path = "PR GO Watch App.app"; sourceTree = BUILT_PRODUCTS_DIR; };
		AD2EC25F2E395A8C00228192 /* BG Predict Watch App.app */ = {isa = PBXFileReference; explicitFileType = wrapper.application; includeInIndex = 0; path = "BG Predict Watch App.app"; sourceTree = BUILT_PRODUCTS_DIR; };
		AD2EC2602E395A8C00228192 /* NightScouttoHealthKitTests.xctest */ = {isa = PBXFileReference; explicitFileType = wrapper.cfbundle; includeInIndex = 0; path = NightScouttoHealthKitTests.xctest; sourceTree = BUILT_PRODUCTS_DIR; };
		AD2EC2612E395A8C00228192 /* NightScouttoHealthKitUITests.xctest */ = {isa = PBXFileReference; explicitFileType = wrapper.cfbundle; includeInIndex = 0; path = NightScouttoHealthKitUITests.xctest; sourceTree = BUILT_PRODUCTS_DIR; };
		ADF4CB952DDCC2D80036F790 /* NightScouttoHealthKit.app */ = {isa = PBXFileReference; explicitFileType = wrapper.application; includeInIndex = 0; path = NightScouttoHealthKit.app; sourceTree = BUILT_PRODUCTS_DIR; };
		EE8FFD9C2E3FD27000C9A13C /* OneSignalNotificationServiceExtension.appex */ = {isa = PBXFileReference; explicitFileType = "wrapper.app-extension"; includeInIndex = 0; path = OneSignalNotificationServiceExtension.appex; sourceTree = BUILT_PRODUCTS_DIR; };
/* End PBXFileReference section */

/* Begin PBXFileSystemSynchronizedBuildFileExceptionSet section */
		AD9FF5302DCE9C9E00E50BD9 /* Exceptions for "NightScouttoHealthKit" folder in "NightScouttoHealthKit" target */ = {
			isa = PBXFileSystemSynchronizedBuildFileExceptionSet;
			membershipExceptions = (
				GlucoseChangePredictor.mlpackage,
				Info.plist,
				wavenet1.mlpackage,
				wavenet2.mlpackage,
				wavenet3.mlpackage,
				wavenet4.mlpackage,
				wavenet5.mlpackage,
			);
			target = AD9FF4F92DCE978500E50BD9 /* NightScouttoHealthKit */;
		};
		EE0AA5812E427ECF0076A5FA /* Exceptions for "PR GO Watch App" folder in "PR GO Watch App" target */ = {
			isa = PBXFileSystemSynchronizedBuildFileExceptionSet;
			membershipExceptions = (
				Info.plist,
			);
			target = AD29B7312E3940E800D368D9 /* PR GO Watch App */;
		};
		EE8FFDA72E3FD27000C9A13C /* Exceptions for "OneSignalNotificationServiceExtension" folder in "OneSignalNotificationServiceExtension" target */ = {
			isa = PBXFileSystemSynchronizedBuildFileExceptionSet;
			membershipExceptions = (
				Info.plist,
			);
			target = EE8FFD9B2E3FD27000C9A13C /* OneSignalNotificationServiceExtension */;
		};
/* End PBXFileSystemSynchronizedBuildFileExceptionSet section */

/* Begin PBXFileSystemSynchronizedGroupBuildPhaseMembershipExceptionSet section */
		AD6BE6602E329836004B2E0D /* Exceptions for "NightScouttoHealthKit" folder in "Copy Bundle Resources" phase from "NightScouttoHealthKit" target */ = {
			isa = PBXFileSystemSynchronizedGroupBuildPhaseMembershipExceptionSet;
			buildPhase = AD9FF4F82DCE978500E50BD9 /* Resources */;
			membershipExceptions = (
				GlucoseChangePredictor.mlpackage,
				wavenet1.mlpackage,
				wavenet2.mlpackage,
				wavenet3.mlpackage,
				wavenet4.mlpackage,
				wavenet5.mlpackage,
			);
		};
		EE0AA57F2E427C580076A5FA /* Exceptions for "PR GO Watch App" folder in "Copy Bundle Resources" phase from "PR GO Watch App" target */ = {
			isa = PBXFileSystemSynchronizedGroupBuildPhaseMembershipExceptionSet;
			buildPhase = AD29B7302E3940E800D368D9 /* Resources */;
			membershipExceptions = (
				"PR GO Watch App.entitlements",
			);
		};
/* End PBXFileSystemSynchronizedGroupBuildPhaseMembershipExceptionSet section */

/* Begin PBXFileSystemSynchronizedRootGroup section */
		AD29B7332E3940E800D368D9 /* PR GO Watch App */ = {
			isa = PBXFileSystemSynchronizedRootGroup;
			exceptions = (
				EE0AA5812E427ECF0076A5FA /* Exceptions for "PR GO Watch App" folder in "PR GO Watch App" target */,
				EE0AA57F2E427C580076A5FA /* Exceptions for "PR GO Watch App" folder in "Copy Bundle Resources" phase from "PR GO Watch App" target */,
			);
			path = "PR GO Watch App";
			sourceTree = "<group>";
		};
		AD9FF4FC2DCE978500E50BD9 /* NightScouttoHealthKit */ = {
			isa = PBXFileSystemSynchronizedRootGroup;
			exceptions = (
				AD9FF5302DCE9C9E00E50BD9 /* Exceptions for "NightScouttoHealthKit" folder in "NightScouttoHealthKit" target */,
				AD6BE6602E329836004B2E0D /* Exceptions for "NightScouttoHealthKit" folder in "Copy Bundle Resources" phase from "NightScouttoHealthKit" target */,
			);
			path = NightScouttoHealthKit;
			sourceTree = "<group>";
		};
		EE8FFD9D2E3FD27000C9A13C /* OneSignalNotificationServiceExtension */ = {
			isa = PBXFileSystemSynchronizedRootGroup;
			exceptions = (
				EE8FFDA72E3FD27000C9A13C /* Exceptions for "OneSignalNotificationServiceExtension" folder in "OneSignalNotificationServiceExtension" target */,
			);
			path = OneSignalNotificationServiceExtension;
			sourceTree = "<group>";
		};
/* End PBXFileSystemSynchronizedRootGroup section */

/* Begin PBXFrameworksBuildPhase section */
		AD29B71A2E393FF300D368D9 /* Frameworks */ = {
			isa = PBXFrameworksBuildPhase;
			buildActionMask = 2147483647;
			files = (
			);
			runOnlyForDeploymentPostprocessing = 0;
		};
		AD29B72F2E3940E800D368D9 /* Frameworks */ = {
			isa = PBXFrameworksBuildPhase;
			buildActionMask = 2147483647;
			files = (
			);
			runOnlyForDeploymentPostprocessing = 0;
		};
		AD9FF4F72DCE978500E50BD9 /* Frameworks */ = {
			isa = PBXFrameworksBuildPhase;
			buildActionMask = 2147483647;
			files = (
				EE8FFDB02E3FD3E700C9A13C /* OneSignalInAppMessages in Frameworks */,
				EE8FFDAE2E3FD3E700C9A13C /* OneSignalFramework in Frameworks */,
			);
			runOnlyForDeploymentPostprocessing = 0;
		};
		AD9FF5062DCE978700E50BD9 /* Frameworks */ = {
			isa = PBXFrameworksBuildPhase;
			buildActionMask = 2147483647;
			files = (
			);
			runOnlyForDeploymentPostprocessing = 0;
		};
		AD9FF5102DCE978700E50BD9 /* Frameworks */ = {
			isa = PBXFrameworksBuildPhase;
			buildActionMask = 2147483647;
			files = (
			);
			runOnlyForDeploymentPostprocessing = 0;
		};
		EE8FFD992E3FD27000C9A13C /* Frameworks */ = {
			isa = PBXFrameworksBuildPhase;
			buildActionMask = 2147483647;
			files = (
				EE8FFDAC2E3FD3E700C9A13C /* OneSignalExtension in Frameworks */,
			);
			runOnlyForDeploymentPostprocessing = 0;
		};
/* End PBXFrameworksBuildPhase section */

/* Begin PBXGroup section */
		AD9FF4F12DCE978500E50BD9 = {
			isa = PBXGroup;
			children = (
				AD9FF4FC2DCE978500E50BD9 /* NightScouttoHealthKit */,
				ADF4CB952DDCC2D80036F790 /* NightScouttoHealthKit.app */,
				AD29B7322E3940E800D368D9 /* PR GO Watch App.app */,
				AD29B7332E3940E800D368D9 /* PR GO Watch App */,
				AD2EC25F2E395A8C00228192 /* BG Predict Watch App.app */,
				AD2EC2602E395A8C00228192 /* NightScouttoHealthKitTests.xctest */,
				AD2EC2612E395A8C00228192 /* NightScouttoHealthKitUITests.xctest */,
				EE8FFD9D2E3FD27000C9A13C /* OneSignalNotificationServiceExtension */,
				EE6173D72E3D0B0200A5CF39 /* Frameworks */,
				EE8FFD9C2E3FD27000C9A13C /* OneSignalNotificationServiceExtension.appex */,
			);
			sourceTree = "<group>";
		};
		EE6173D72E3D0B0200A5CF39 /* Frameworks */ = {
			isa = PBXGroup;
			children = (
			);
			name = Frameworks;
			sourceTree = "<group>";
		};
/* End PBXGroup section */

/* Begin PBXNativeTarget section */
		AD29B71C2E393FF300D368D9 /* BG Predict Watch App */ = {
			isa = PBXNativeTarget;
			buildConfigurationList = AD29B7282E393FF500D368D9 /* Build configuration list for PBXNativeTarget "BG Predict Watch App" */;
			buildPhases = (
				AD29B7192E393FF300D368D9 /* Sources */,
				AD29B71A2E393FF300D368D9 /* Frameworks */,
				AD29B71B2E393FF300D368D9 /* Resources */,
			);
			buildRules = (
			);
			dependencies = (
			);
			name = "BG Predict Watch App";
			packageProductDependencies = (
			);
			productName = "BG Predict Watch App";
			productReference = AD2EC25F2E395A8C00228192 /* BG Predict Watch App.app */;
			productType = "com.apple.product-type.application";
		};
		AD29B7312E3940E800D368D9 /* PR GO Watch App */ = {
			isa = PBXNativeTarget;
			buildConfigurationList = AD29B73D2E3940EA00D368D9 /* Build configuration list for PBXNativeTarget "PR GO Watch App" */;
			buildPhases = (
				AD29B72E2E3940E800D368D9 /* Sources */,
				AD29B72F2E3940E800D368D9 /* Frameworks */,
				AD29B7302E3940E800D368D9 /* Resources */,
			);
			buildRules = (
			);
			dependencies = (
			);
			fileSystemSynchronizedGroups = (
				AD29B7332E3940E800D368D9 /* PR GO Watch App */,
			);
			name = "PR GO Watch App";
			packageProductDependencies = (
			);
			productName = "PR GO Watch App";
			productReference = AD29B7322E3940E800D368D9 /* PR GO Watch App.app */;
			productType = "com.apple.product-type.application";
		};
		AD9FF4F92DCE978500E50BD9 /* NightScouttoHealthKit */ = {
			isa = PBXNativeTarget;
			buildConfigurationList = AD9FF51D2DCE978700E50BD9 /* Build configuration list for PBXNativeTarget "NightScouttoHealthKit" */;
			buildPhases = (
				AD9FF4F62DCE978500E50BD9 /* Sources */,
				AD9FF4F72DCE978500E50BD9 /* Frameworks */,
				AD9FF4F82DCE978500E50BD9 /* Resources */,
				AD29B72B2E393FF500D368D9 /* Embed Watch Content */,
				EE8FFDA82E3FD27000C9A13C /* Embed Foundation Extensions */,
			);
			buildRules = (
			);
			dependencies = (
				AD29B7262E393FF500D368D9 /* PBXTargetDependency */,
				AD29B73B2E3940EA00D368D9 /* PBXTargetDependency */,
				EE8FFDA22E3FD27000C9A13C /* PBXTargetDependency */,
			);
			fileSystemSynchronizedGroups = (
				AD9FF4FC2DCE978500E50BD9 /* NightScouttoHealthKit */,
			);
			name = NightScouttoHealthKit;
			packageProductDependencies = (
				EE8FFDAD2E3FD3E700C9A13C /* OneSignalFramework */,
				EE8FFDAF2E3FD3E700C9A13C /* OneSignalInAppMessages */,
			);
			productName = NightScouttoHealthKit;
			productReference = ADF4CB952DDCC2D80036F790 /* NightScouttoHealthKit.app */;
			productType = "com.apple.product-type.application";
		};
		AD9FF5082DCE978700E50BD9 /* NightScouttoHealthKitTests */ = {
			isa = PBXNativeTarget;
			buildConfigurationList = AD9FF5202DCE978700E50BD9 /* Build configuration list for PBXNativeTarget "NightScouttoHealthKitTests" */;
			buildPhases = (
				AD9FF5052DCE978700E50BD9 /* Sources */,
				AD9FF5062DCE978700E50BD9 /* Frameworks */,
				AD9FF5072DCE978700E50BD9 /* Resources */,
			);
			buildRules = (
			);
			dependencies = (
				AD9FF50B2DCE978700E50BD9 /* PBXTargetDependency */,
			);
			name = NightScouttoHealthKitTests;
			packageProductDependencies = (
			);
			productName = NightScouttoHealthKitTests;
			productReference = AD2EC2602E395A8C00228192 /* NightScouttoHealthKitTests.xctest */;
			productType = "com.apple.product-type.bundle.unit-test";
		};
		AD9FF5122DCE978700E50BD9 /* NightScouttoHealthKitUITests */ = {
			isa = PBXNativeTarget;
			buildConfigurationList = AD9FF5232DCE978700E50BD9 /* Build configuration list for PBXNativeTarget "NightScouttoHealthKitUITests" */;
			buildPhases = (
				AD9FF50F2DCE978700E50BD9 /* Sources */,
				AD9FF5102DCE978700E50BD9 /* Frameworks */,
				AD9FF5112DCE978700E50BD9 /* Resources */,
			);
			buildRules = (
			);
			dependencies = (
				AD9FF5152DCE978700E50BD9 /* PBXTargetDependency */,
			);
			name = NightScouttoHealthKitUITests;
			packageProductDependencies = (
			);
			productName = NightScouttoHealthKitUITests;
			productReference = AD2EC2612E395A8C00228192 /* NightScouttoHealthKitUITests.xctest */;
			productType = "com.apple.product-type.bundle.ui-testing";
		};
		EE8FFD9B2E3FD27000C9A13C /* OneSignalNotificationServiceExtension */ = {
			isa = PBXNativeTarget;
			buildConfigurationList = EE8FFDA42E3FD27000C9A13C /* Build configuration list for PBXNativeTarget "OneSignalNotificationServiceExtension" */;
			buildPhases = (
				EE8FFD982E3FD27000C9A13C /* Sources */,
				EE8FFD992E3FD27000C9A13C /* Frameworks */,
				EE8FFD9A2E3FD27000C9A13C /* Resources */,
			);
			buildRules = (
			);
			dependencies = (
			);
			fileSystemSynchronizedGroups = (
				EE8FFD9D2E3FD27000C9A13C /* OneSignalNotificationServiceExtension */,
			);
			name = OneSignalNotificationServiceExtension;
			packageProductDependencies = (
				EE8FFDAB2E3FD3E700C9A13C /* OneSignalExtension */,
			);
			productName = OneSignalNotificationServiceExtension;
			productReference = EE8FFD9C2E3FD27000C9A13C /* OneSignalNotificationServiceExtension.appex */;
			productType = "com.apple.product-type.app-extension";
		};
/* End PBXNativeTarget section */

/* Begin PBXProject section */
		AD9FF4F22DCE978500E50BD9 /* Project object */ = {
			isa = PBXProject;
			attributes = {
				BuildIndependentTargetsInParallel = 1;
				LastSwiftUpdateCheck = 1640;
				LastUpgradeCheck = 1630;
				TargetAttributes = {
					AD29B71C2E393FF300D368D9 = {
						CreatedOnToolsVersion = 26.0;
					};
					AD29B7312E3940E800D368D9 = {
						CreatedOnToolsVersion = 26.0;
						LastSwiftMigration = 2600;
					};
					AD9FF4F92DCE978500E50BD9 = {
						CreatedOnToolsVersion = 16.3;
					};
					AD9FF5082DCE978700E50BD9 = {
						CreatedOnToolsVersion = 16.3;
						TestTargetID = AD9FF4F92DCE978500E50BD9;
					};
					AD9FF5122DCE978700E50BD9 = {
						CreatedOnToolsVersion = 16.3;
						TestTargetID = AD9FF4F92DCE978500E50BD9;
					};
					EE8FFD9B2E3FD27000C9A13C = {
						CreatedOnToolsVersion = 16.4;
					};
				};
			};
			buildConfigurationList = AD9FF4F52DCE978500E50BD9 /* Build configuration list for PBXProject "NightScouttoHealthKit" */;
			developmentRegion = en;
			hasScannedForEncodings = 0;
			knownRegions = (
				en,
				Base,
			);
			mainGroup = AD9FF4F12DCE978500E50BD9;
			minimizedProjectReferenceProxies = 1;
			packageReferences = (
				EE8FFDAA2E3FD3E700C9A13C /* XCRemoteSwiftPackageReference "OneSignal-iOS-SDK" */,
			);
			preferredProjectObjectVersion = 77;
			productRefGroup = AD9FF4F12DCE978500E50BD9;
			projectDirPath = "";
			projectRoot = "";
			targets = (
				AD9FF4F92DCE978500E50BD9 /* NightScouttoHealthKit */,
				AD9FF5082DCE978700E50BD9 /* NightScouttoHealthKitTests */,
				AD9FF5122DCE978700E50BD9 /* NightScouttoHealthKitUITests */,
				AD29B71C2E393FF300D368D9 /* BG Predict Watch App */,
				AD29B7312E3940E800D368D9 /* PR GO Watch App */,
				EE8FFD9B2E3FD27000C9A13C /* OneSignalNotificationServiceExtension */,
			);
		};
/* End PBXProject section */

/* Begin PBXResourcesBuildPhase section */
		AD29B71B2E393FF300D368D9 /* Resources */ = {
			isa = PBXResourcesBuildPhase;
			buildActionMask = 2147483647;
			files = (
			);
			runOnlyForDeploymentPostprocessing = 0;
		};
		AD29B7302E3940E800D368D9 /* Resources */ = {
			isa = PBXResourcesBuildPhase;
			buildActionMask = 2147483647;
			files = (
			);
			runOnlyForDeploymentPostprocessing = 0;
		};
		AD9FF4F82DCE978500E50BD9 /* Resources */ = {
			isa = PBXResourcesBuildPhase;
			buildActionMask = 2147483647;
			files = (
			);
			runOnlyForDeploymentPostprocessing = 0;
		};
		AD9FF5072DCE978700E50BD9 /* Resources */ = {
			isa = PBXResourcesBuildPhase;
			buildActionMask = 2147483647;
			files = (
			);
			runOnlyForDeploymentPostprocessing = 0;
		};
		AD9FF5112DCE978700E50BD9 /* Resources */ = {
			isa = PBXResourcesBuildPhase;
			buildActionMask = 2147483647;
			files = (
			);
			runOnlyForDeploymentPostprocessing = 0;
		};
		EE8FFD9A2E3FD27000C9A13C /* Resources */ = {
			isa = PBXResourcesBuildPhase;
			buildActionMask = 2147483647;
			files = (
			);
			runOnlyForDeploymentPostprocessing = 0;
		};
/* End PBXResourcesBuildPhase section */

/* Begin PBXSourcesBuildPhase section */
		AD29B7192E393FF300D368D9 /* Sources */ = {
			isa = PBXSourcesBuildPhase;
			buildActionMask = 2147483647;
			files = (
			);
			runOnlyForDeploymentPostprocessing = 0;
		};
		AD29B72E2E3940E800D368D9 /* Sources */ = {
			isa = PBXSourcesBuildPhase;
			buildActionMask = 2147483647;
			files = (
			);
			runOnlyForDeploymentPostprocessing = 0;
		};
		AD9FF4F62DCE978500E50BD9 /* Sources */ = {
			isa = PBXSourcesBuildPhase;
			buildActionMask = 2147483647;
			files = (
			);
			runOnlyForDeploymentPostprocessing = 0;
		};
		AD9FF5052DCE978700E50BD9 /* Sources */ = {
			isa = PBXSourcesBuildPhase;
			buildActionMask = 2147483647;
			files = (
			);
			runOnlyForDeploymentPostprocessing = 0;
		};
		AD9FF50F2DCE978700E50BD9 /* Sources */ = {
			isa = PBXSourcesBuildPhase;
			buildActionMask = 2147483647;
			files = (
			);
			runOnlyForDeploymentPostprocessing = 0;
		};
		EE8FFD982E3FD27000C9A13C /* Sources */ = {
			isa = PBXSourcesBuildPhase;
			buildActionMask = 2147483647;
			files = (
			);
			runOnlyForDeploymentPostprocessing = 0;
		};
/* End PBXSourcesBuildPhase section */

/* Begin PBXTargetDependency section */
		AD29B7262E393FF500D368D9 /* PBXTargetDependency */ = {
			isa = PBXTargetDependency;
			target = AD29B71C2E393FF300D368D9 /* BG Predict Watch App */;
			targetProxy = AD29B7252E393FF500D368D9 /* PBXContainerItemProxy */;
		};
		AD29B73B2E3940EA00D368D9 /* PBXTargetDependency */ = {
			isa = PBXTargetDependency;
			target = AD29B7312E3940E800D368D9 /* PR GO Watch App */;
			targetProxy = AD29B73A2E3940EA00D368D9 /* PBXContainerItemProxy */;
		};
		AD9FF50B2DCE978700E50BD9 /* PBXTargetDependency */ = {
			isa = PBXTargetDependency;
			target = AD9FF4F92DCE978500E50BD9 /* NightScouttoHealthKit */;
			targetProxy = AD9FF50A2DCE978700E50BD9 /* PBXContainerItemProxy */;
		};
		AD9FF5152DCE978700E50BD9 /* PBXTargetDependency */ = {
			isa = PBXTargetDependency;
			target = AD9FF4F92DCE978500E50BD9 /* NightScouttoHealthKit */;
			targetProxy = AD9FF5142DCE978700E50BD9 /* PBXContainerItemProxy */;
		};
		EE8FFDA22E3FD27000C9A13C /* PBXTargetDependency */ = {
			isa = PBXTargetDependency;
			target = EE8FFD9B2E3FD27000C9A13C /* OneSignalNotificationServiceExtension */;
			targetProxy = EE8FFDA12E3FD27000C9A13C /* PBXContainerItemProxy */;
		};
/* End PBXTargetDependency section */

/* Begin XCBuildConfiguration section */
		AD29B7292E393FF500D368D9 /* Debug */ = {
			isa = XCBuildConfiguration;
			buildSettings = {
				ASSETCATALOG_COMPILER_APPICON_NAME = AppIcon;
				ASSETCATALOG_COMPILER_GLOBAL_ACCENT_COLOR_NAME = AccentColor;
				CODE_SIGN_STYLE = Automatic;
				CURRENT_PROJECT_VERSION = 1;
				DEVELOPMENT_TEAM = HBDY6QA3N9;
				ENABLE_PREVIEWS = YES;
				GENERATE_INFOPLIST_FILE = YES;
				INFOPLIST_FILE = Info.plist;
				INFOPLIST_KEY_CFBundleDisplayName = "BG Predict";
				INFOPLIST_KEY_UISupportedInterfaceOrientations = "UIInterfaceOrientationPortrait UIInterfaceOrientationPortraitUpsideDown";
				INFOPLIST_KEY_WKCompanionAppBundleIdentifier = com.ProDiabeticsTeam.NightScouttoHealthKitv1;
				LD_RUNPATH_SEARCH_PATHS = (
					"$(inherited)",
					"@executable_path/Frameworks",
				);
				MARKETING_VERSION = 1.0;
				PRODUCT_BUNDLE_IDENTIFIER = com.ProDiabeticsTeam.NightScouttoHealthKitv1.watchkitapp;
				PRODUCT_NAME = "$(TARGET_NAME)";
				SDKROOT = watchos;
				SKIP_INSTALL = YES;
				STRING_CATALOG_GENERATE_SYMBOLS = YES;
				SWIFT_APPROACHABLE_CONCURRENCY = YES;
				SWIFT_DEFAULT_ACTOR_ISOLATION = MainActor;
				SWIFT_EMIT_LOC_STRINGS = YES;
				SWIFT_UPCOMING_FEATURE_MEMBER_IMPORT_VISIBILITY = YES;
				SWIFT_VERSION = 5.0;
				TARGETED_DEVICE_FAMILY = 4;
				WATCHOS_DEPLOYMENT_TARGET = 11.0;
			};
			name = Debug;
		};
		AD29B72A2E393FF500D368D9 /* Release */ = {
			isa = XCBuildConfiguration;
			buildSettings = {
				ASSETCATALOG_COMPILER_APPICON_NAME = AppIcon;
				ASSETCATALOG_COMPILER_GLOBAL_ACCENT_COLOR_NAME = AccentColor;
				CODE_SIGN_STYLE = Automatic;
				CURRENT_PROJECT_VERSION = 1;
				DEVELOPMENT_TEAM = HBDY6QA3N9;
				ENABLE_PREVIEWS = YES;
				GENERATE_INFOPLIST_FILE = YES;
				INFOPLIST_FILE = Info.plist;
				INFOPLIST_KEY_CFBundleDisplayName = "BG Predict";
				INFOPLIST_KEY_UISupportedInterfaceOrientations = "UIInterfaceOrientationPortrait UIInterfaceOrientationPortraitUpsideDown";
				INFOPLIST_KEY_WKCompanionAppBundleIdentifier = com.ProDiabeticsTeam.NightScouttoHealthKitv1;
				LD_RUNPATH_SEARCH_PATHS = (
					"$(inherited)",
					"@executable_path/Frameworks",
				);
				MARKETING_VERSION = 1.0;
				PRODUCT_BUNDLE_IDENTIFIER = com.ProDiabeticsTeam.NightScouttoHealthKitv1.watchkitapp;
				PRODUCT_NAME = "$(TARGET_NAME)";
				SDKROOT = watchos;
				SKIP_INSTALL = YES;
				STRING_CATALOG_GENERATE_SYMBOLS = YES;
				SWIFT_APPROACHABLE_CONCURRENCY = YES;
				SWIFT_DEFAULT_ACTOR_ISOLATION = MainActor;
				SWIFT_EMIT_LOC_STRINGS = YES;
				SWIFT_UPCOMING_FEATURE_MEMBER_IMPORT_VISIBILITY = YES;
				SWIFT_VERSION = 5.0;
				TARGETED_DEVICE_FAMILY = 4;
				WATCHOS_DEPLOYMENT_TARGET = 11.0;
			};
			name = Release;
		};
		AD29B73E2E3940EA00D368D9 /* Debug */ = {
			isa = XCBuildConfiguration;
			buildSettings = {
				ASSETCATALOG_COMPILER_APPICON_NAME = AppIcon;
				ASSETCATALOG_COMPILER_GLOBAL_ACCENT_COLOR_NAME = AccentColor;
				CLANG_ENABLE_MODULES = YES;
				CODE_SIGN_ENTITLEMENTS = "PR GO Watch App/PR GO Watch App.entitlements";
				CODE_SIGN_STYLE = Automatic;
				CURRENT_PROJECT_VERSION = 1;
				DEVELOPMENT_TEAM = HBDY6QA3N9;
				ENABLE_PREVIEWS = YES;
				GENERATE_INFOPLIST_FILE = YES;
				INFOPLIST_FILE = Info.plist;
				INFOPLIST_KEY_CFBundleDisplayName = "PR GO";
				INFOPLIST_KEY_UISupportedInterfaceOrientations = "UIInterfaceOrientationPortrait UIInterfaceOrientationPortraitUpsideDown";
				INFOPLIST_KEY_WKCompanionAppBundleIdentifier = com.ProDiabeticsTeam.NightScouttoHealthKitv1;
				LD_RUNPATH_SEARCH_PATHS = (
					"$(inherited)",
					"@executable_path/Frameworks",
				);
				MARKETING_VERSION = 1.0;
				PRODUCT_BUNDLE_IDENTIFIER = com.ProDiabeticsTeam.NightScouttoHealthKitv1.watchkitapp;
				PRODUCT_NAME = "$(TARGET_NAME)";
				SDKROOT = watchos;
				SKIP_INSTALL = YES;
				STRING_CATALOG_GENERATE_SYMBOLS = YES;
				SWIFT_APPROACHABLE_CONCURRENCY = YES;
				SWIFT_DEFAULT_ACTOR_ISOLATION = MainActor;
				SWIFT_EMIT_LOC_STRINGS = YES;
				SWIFT_OBJC_BRIDGING_HEADER = "PR GO Watch App/PR GO Watch App-Bridging-Header.h";
				SWIFT_OPTIMIZATION_LEVEL = "-Onone";
				SWIFT_UPCOMING_FEATURE_MEMBER_IMPORT_VISIBILITY = YES;
				SWIFT_VERSION = 5.0;
				TARGETED_DEVICE_FAMILY = 4;
				WATCHOS_DEPLOYMENT_TARGET = 11.0;
			};
			name = Debug;
		};
		AD29B73F2E3940EA00D368D9 /* Release */ = {
			isa = XCBuildConfiguration;
			buildSettings = {
				ASSETCATALOG_COMPILER_APPICON_NAME = AppIcon;
				ASSETCATALOG_COMPILER_GLOBAL_ACCENT_COLOR_NAME = AccentColor;
				CLANG_ENABLE_MODULES = YES;
				CODE_SIGN_ENTITLEMENTS = "PR GO Watch App/PR GO Watch App.entitlements";
				CODE_SIGN_STYLE = Automatic;
				CURRENT_PROJECT_VERSION = 1;
				DEVELOPMENT_TEAM = HBDY6QA3N9;
				ENABLE_PREVIEWS = YES;
				GENERATE_INFOPLIST_FILE = YES;
				INFOPLIST_FILE = Info.plist;
				INFOPLIST_KEY_CFBundleDisplayName = "PR GO";
				INFOPLIST_KEY_UISupportedInterfaceOrientations = "UIInterfaceOrientationPortrait UIInterfaceOrientationPortraitUpsideDown";
				INFOPLIST_KEY_WKCompanionAppBundleIdentifier = com.ProDiabeticsTeam.NightScouttoHealthKitv1;
				LD_RUNPATH_SEARCH_PATHS = (
					"$(inherited)",
					"@executable_path/Frameworks",
				);
				MARKETING_VERSION = 1.0;
				PRODUCT_BUNDLE_IDENTIFIER = com.ProDiabeticsTeam.NightScouttoHealthKitv1.watchkitapp;
				PRODUCT_NAME = "$(TARGET_NAME)";
				SDKROOT = watchos;
				SKIP_INSTALL = YES;
				STRING_CATALOG_GENERATE_SYMBOLS = YES;
				SWIFT_APPROACHABLE_CONCURRENCY = YES;
				SWIFT_DEFAULT_ACTOR_ISOLATION = MainActor;
				SWIFT_EMIT_LOC_STRINGS = YES;
				SWIFT_OBJC_BRIDGING_HEADER = "PR GO Watch App/PR GO Watch App-Bridging-Header.h";
				SWIFT_UPCOMING_FEATURE_MEMBER_IMPORT_VISIBILITY = YES;
				SWIFT_VERSION = 5.0;
				TARGETED_DEVICE_FAMILY = 4;
				WATCHOS_DEPLOYMENT_TARGET = 11.0;
			};
			name = Release;
		};
		AD9FF51B2DCE978700E50BD9 /* Debug */ = {
			isa = XCBuildConfiguration;
			buildSettings = {
				ALWAYS_SEARCH_USER_PATHS = NO;
				ASSETCATALOG_COMPILER_GENERATE_SWIFT_ASSET_SYMBOL_EXTENSIONS = YES;
				CLANG_ANALYZER_NONNULL = YES;
				CLANG_ANALYZER_NUMBER_OBJECT_CONVERSION = YES_AGGRESSIVE;
				CLANG_CXX_LANGUAGE_STANDARD = "gnu++20";
				CLANG_ENABLE_MODULES = YES;
				CLANG_ENABLE_OBJC_ARC = YES;
				CLANG_ENABLE_OBJC_WEAK = YES;
				CLANG_WARN_BLOCK_CAPTURE_AUTORELEASING = YES;
				CLANG_WARN_BOOL_CONVERSION = YES;
				CLANG_WARN_COMMA = YES;
				CLANG_WARN_CONSTANT_CONVERSION = YES;
				CLANG_WARN_DEPRECATED_OBJC_IMPLEMENTATIONS = YES;
				CLANG_WARN_DIRECT_OBJC_ISA_USAGE = YES_ERROR;
				CLANG_WARN_DOCUMENTATION_COMMENTS = YES;
				CLANG_WARN_EMPTY_BODY = YES;
				CLANG_WARN_ENUM_CONVERSION = YES;
				CLANG_WARN_INFINITE_RECURSION = YES;
				CLANG_WARN_INT_CONVERSION = YES;
				CLANG_WARN_NON_LITERAL_NULL_CONVERSION = YES;
				CLANG_WARN_OBJC_IMPLICIT_RETAIN_SELF = YES;
				CLANG_WARN_OBJC_LITERAL_CONVERSION = YES;
				CLANG_WARN_OBJC_ROOT_CLASS = YES_ERROR;
				CLANG_WARN_QUOTED_INCLUDE_IN_FRAMEWORK_HEADER = YES;
				CLANG_WARN_RANGE_LOOP_ANALYSIS = YES;
				CLANG_WARN_STRICT_PROTOTYPES = YES;
				CLANG_WARN_SUSPICIOUS_MOVE = YES;
				CLANG_WARN_UNGUARDED_AVAILABILITY = YES_AGGRESSIVE;
				CLANG_WARN_UNREACHABLE_CODE = YES;
				CLANG_WARN__DUPLICATE_METHOD_MATCH = YES;
				COPY_PHASE_STRIP = NO;
				DEBUG_INFORMATION_FORMAT = dwarf;
				DEVELOPMENT_TEAM = HBDY6QA3N9;
				ENABLE_STRICT_OBJC_MSGSEND = YES;
				ENABLE_TESTABILITY = YES;
				ENABLE_USER_SCRIPT_SANDBOXING = YES;
				GCC_C_LANGUAGE_STANDARD = gnu17;
				GCC_DYNAMIC_NO_PIC = NO;
				GCC_NO_COMMON_BLOCKS = YES;
				GCC_OPTIMIZATION_LEVEL = 0;
				GCC_PREPROCESSOR_DEFINITIONS = (
					"DEBUG=1",
					"$(inherited)",
				);
				GCC_WARN_64_TO_32_BIT_CONVERSION = YES;
				GCC_WARN_ABOUT_RETURN_TYPE = YES_ERROR;
				GCC_WARN_UNDECLARED_SELECTOR = YES;
				GCC_WARN_UNINITIALIZED_AUTOS = YES_AGGRESSIVE;
				GCC_WARN_UNUSED_FUNCTION = YES;
				GCC_WARN_UNUSED_VARIABLE = YES;
				IPHONEOS_DEPLOYMENT_TARGET = 18.4;
				LOCALIZATION_PREFERS_STRING_CATALOGS = YES;
				MTL_ENABLE_DEBUG_INFO = INCLUDE_SOURCE;
				MTL_FAST_MATH = YES;
				ONLY_ACTIVE_ARCH = YES;
				SDKROOT = iphoneos;
				SWIFT_ACTIVE_COMPILATION_CONDITIONS = "DEBUG $(inherited)";
				SWIFT_OPTIMIZATION_LEVEL = "-Onone";
			};
			name = Debug;
		};
		AD9FF51C2DCE978700E50BD9 /* Release */ = {
			isa = XCBuildConfiguration;
			buildSettings = {
				ALWAYS_SEARCH_USER_PATHS = NO;
				ASSETCATALOG_COMPILER_GENERATE_SWIFT_ASSET_SYMBOL_EXTENSIONS = YES;
				CLANG_ANALYZER_NONNULL = YES;
				CLANG_ANALYZER_NUMBER_OBJECT_CONVERSION = YES_AGGRESSIVE;
				CLANG_CXX_LANGUAGE_STANDARD = "gnu++20";
				CLANG_ENABLE_MODULES = YES;
				CLANG_ENABLE_OBJC_ARC = YES;
				CLANG_ENABLE_OBJC_WEAK = YES;
				CLANG_WARN_BLOCK_CAPTURE_AUTORELEASING = YES;
				CLANG_WARN_BOOL_CONVERSION = YES;
				CLANG_WARN_COMMA = YES;
				CLANG_WARN_CONSTANT_CONVERSION = YES;
				CLANG_WARN_DEPRECATED_OBJC_IMPLEMENTATIONS = YES;
				CLANG_WARN_DIRECT_OBJC_ISA_USAGE = YES_ERROR;
				CLANG_WARN_DOCUMENTATION_COMMENTS = YES;
				CLANG_WARN_EMPTY_BODY = YES;
				CLANG_WARN_ENUM_CONVERSION = YES;
				CLANG_WARN_INFINITE_RECURSION = YES;
				CLANG_WARN_INT_CONVERSION = YES;
				CLANG_WARN_NON_LITERAL_NULL_CONVERSION = YES;
				CLANG_WARN_OBJC_IMPLICIT_RETAIN_SELF = YES;
				CLANG_WARN_OBJC_LITERAL_CONVERSION = YES;
				CLANG_WARN_OBJC_ROOT_CLASS = YES_ERROR;
				CLANG_WARN_QUOTED_INCLUDE_IN_FRAMEWORK_HEADER = YES;
				CLANG_WARN_RANGE_LOOP_ANALYSIS = YES;
				CLANG_WARN_STRICT_PROTOTYPES = YES;
				CLANG_WARN_SUSPICIOUS_MOVE = YES;
				CLANG_WARN_UNGUARDED_AVAILABILITY = YES_AGGRESSIVE;
				CLANG_WARN_UNREACHABLE_CODE = YES;
				CLANG_WARN__DUPLICATE_METHOD_MATCH = YES;
				COPY_PHASE_STRIP = NO;
				DEBUG_INFORMATION_FORMAT = "dwarf-with-dsym";
				DEVELOPMENT_TEAM = HBDY6QA3N9;
				ENABLE_NS_ASSERTIONS = NO;
				ENABLE_STRICT_OBJC_MSGSEND = YES;
				ENABLE_USER_SCRIPT_SANDBOXING = YES;
				GCC_C_LANGUAGE_STANDARD = gnu17;
				GCC_NO_COMMON_BLOCKS = YES;
				GCC_WARN_64_TO_32_BIT_CONVERSION = YES;
				GCC_WARN_ABOUT_RETURN_TYPE = YES_ERROR;
				GCC_WARN_UNDECLARED_SELECTOR = YES;
				GCC_WARN_UNINITIALIZED_AUTOS = YES_AGGRESSIVE;
				GCC_WARN_UNUSED_FUNCTION = YES;
				GCC_WARN_UNUSED_VARIABLE = YES;
				IPHONEOS_DEPLOYMENT_TARGET = 18.4;
				LOCALIZATION_PREFERS_STRING_CATALOGS = YES;
				MTL_ENABLE_DEBUG_INFO = NO;
				MTL_FAST_MATH = YES;
				SDKROOT = iphoneos;
				SWIFT_COMPILATION_MODE = wholemodule;
				VALIDATE_PRODUCT = YES;
			};
			name = Release;
		};
		AD9FF51E2DCE978700E50BD9 /* Debug */ = {
			isa = XCBuildConfiguration;
			buildSettings = {
				ASSETCATALOG_COMPILER_APPICON_NAME = AppIcon;
				ASSETCATALOG_COMPILER_GLOBAL_ACCENT_COLOR_NAME = AccentColor;
				CODE_SIGN_ENTITLEMENTS = NightScouttoHealthKit/NightScouttoHealthKit.entitlements;
				CODE_SIGN_STYLE = Automatic;
				CURRENT_PROJECT_VERSION = 1;
				DEVELOPMENT_TEAM = HBDY6QA3N9;
				ENABLE_PREVIEWS = YES;
				GENERATE_INFOPLIST_FILE = YES;
				INFOPLIST_FILE = NightScouttoHealthKit/Info.plist;
				INFOPLIST_KEY_CFBundleDisplayName = NightScouttoHealthKit;
				INFOPLIST_KEY_NSHealthClinicalHealthRecordsShareUsageDescription = "The app uses HealthData to provide accurate updates.";
				INFOPLIST_KEY_NSHealthShareUsageDescription = "This app needs access to your health data to sync blood glucose readings from NightScout to HealthKit and create predictions.";
				INFOPLIST_KEY_NSHealthUpdateUsageDescription = "This app needs to update your health data with blood glucose readings from NightScout and prediction results.";
				INFOPLIST_KEY_NSLocalNetworkUsageDescription = "This app needs to access your local network to connect with Nightscout instances that may be hosted locally.";
				INFOPLIST_KEY_UIApplicationSupportsIndirectInputEvents = YES;
				INFOPLIST_KEY_UIRequiredDeviceCapabilities = armv7;
				INFOPLIST_KEY_UIStatusBarStyle = UIStatusBarStyleDefault;
				INFOPLIST_KEY_UISupportedInterfaceOrientations = "UIInterfaceOrientationPortrait UIInterfaceOrientationLandscapeLeft UIInterfaceOrientationLandscapeRight";
				INFOPLIST_KEY_UISupportedInterfaceOrientations_iPad = "UIInterfaceOrientationPortrait UIInterfaceOrientationPortraitUpsideDown UIInterfaceOrientationLandscapeLeft UIInterfaceOrientationLandscapeRight";
				INFOPLIST_KEY_UISupportedInterfaceOrientations_iPhone = "UIInterfaceOrientationPortrait UIInterfaceOrientationLandscapeLeft UIInterfaceOrientationLandscapeRight";
				INFOPLIST_KEY_UIUserInterfaceStyle = Light;
				INFOPLIST_KEY_WKCompanionAppBundleIdentifier = com.ProDiabeticsTeam.NightScouttoHealthKitv1;
				IPHONEOS_DEPLOYMENT_TARGET = 18.0;
				LD_RUNPATH_SEARCH_PATHS = (
					"$(inherited)",
					"@executable_path/Frameworks",
				);
				MARKETING_VERSION = 1.0;
				PRODUCT_BUNDLE_IDENTIFIER = com.ProDiabeticsTeam.NightScouttoHealthKitv1;
				PRODUCT_NAME = "$(TARGET_NAME)";
				SUPPORTED_PLATFORMS = "iphoneos iphonesimulator";
				SUPPORTS_MACCATALYST = NO;
				SUPPORTS_MAC_DESIGNED_FOR_IPHONE_IPAD = NO;
				SUPPORTS_XR_DESIGNED_FOR_IPHONE_IPAD = NO;
				SWIFT_EMIT_LOC_STRINGS = YES;
				SWIFT_VERSION = 5.0;
				TARGETED_DEVICE_FAMILY = "1,2";
			};
			name = Debug;
		};
		AD9FF51F2DCE978700E50BD9 /* Release */ = {
			isa = XCBuildConfiguration;
			buildSettings = {
				ASSETCATALOG_COMPILER_APPICON_NAME = AppIcon;
				ASSETCATALOG_COMPILER_GLOBAL_ACCENT_COLOR_NAME = AccentColor;
				CODE_SIGN_ENTITLEMENTS = NightScouttoHealthKit/NightScouttoHealthKit.entitlements;
				CODE_SIGN_STYLE = Automatic;
				CURRENT_PROJECT_VERSION = 1;
				DEVELOPMENT_TEAM = HBDY6QA3N9;
				ENABLE_PREVIEWS = YES;
				GENERATE_INFOPLIST_FILE = YES;
				INFOPLIST_FILE = NightScouttoHealthKit/Info.plist;
				INFOPLIST_KEY_CFBundleDisplayName = NightScouttoHealthKit;
				INFOPLIST_KEY_NSHealthClinicalHealthRecordsShareUsageDescription = "The app uses HealthData to provide accurate updates.";
				INFOPLIST_KEY_NSHealthShareUsageDescription = "This app needs access to your health data to sync blood glucose readings from NightScout to HealthKit and create predictions.";
				INFOPLIST_KEY_NSHealthUpdateUsageDescription = "This app needs to update your health data with blood glucose readings from NightScout and prediction results.";
				INFOPLIST_KEY_NSLocalNetworkUsageDescription = "This app needs to access your local network to connect with Nightscout instances that may be hosted locally.";
				INFOPLIST_KEY_UIApplicationSupportsIndirectInputEvents = YES;
				INFOPLIST_KEY_UIRequiredDeviceCapabilities = armv7;
				INFOPLIST_KEY_UIStatusBarStyle = UIStatusBarStyleDefault;
				INFOPLIST_KEY_UISupportedInterfaceOrientations = "UIInterfaceOrientationPortrait UIInterfaceOrientationLandscapeLeft UIInterfaceOrientationLandscapeRight";
				INFOPLIST_KEY_UISupportedInterfaceOrientations_iPad = "UIInterfaceOrientationPortrait UIInterfaceOrientationPortraitUpsideDown UIInterfaceOrientationLandscapeLeft UIInterfaceOrientationLandscapeRight";
				INFOPLIST_KEY_UISupportedInterfaceOrientations_iPhone = "UIInterfaceOrientationPortrait UIInterfaceOrientationLandscapeLeft UIInterfaceOrientationLandscapeRight";
				INFOPLIST_KEY_UIUserInterfaceStyle = Light;
				INFOPLIST_KEY_WKCompanionAppBundleIdentifier = com.ProDiabeticsTeam.NightScouttoHealthKitv1;
				IPHONEOS_DEPLOYMENT_TARGET = 18.0;
				LD_RUNPATH_SEARCH_PATHS = (
					"$(inherited)",
					"@executable_path/Frameworks",
				);
				MARKETING_VERSION = 1.0;
				PRODUCT_BUNDLE_IDENTIFIER = com.ProDiabeticsTeam.NightScouttoHealthKitv1;
				PRODUCT_NAME = "$(TARGET_NAME)";
				SUPPORTED_PLATFORMS = "iphoneos iphonesimulator";
				SUPPORTS_MACCATALYST = NO;
				SUPPORTS_MAC_DESIGNED_FOR_IPHONE_IPAD = NO;
				SUPPORTS_XR_DESIGNED_FOR_IPHONE_IPAD = NO;
				SWIFT_EMIT_LOC_STRINGS = YES;
				SWIFT_VERSION = 5.0;
				TARGETED_DEVICE_FAMILY = "1,2";
			};
			name = Release;
		};
		AD9FF5212DCE978700E50BD9 /* Debug */ = {
			isa = XCBuildConfiguration;
			buildSettings = {
				BUNDLE_LOADER = "$(TEST_HOST)";
				CODE_SIGN_STYLE = Automatic;
				CURRENT_PROJECT_VERSION = 1;
				DEVELOPMENT_TEAM = HBDY6QA3N9;
				GENERATE_INFOPLIST_FILE = YES;
				IPHONEOS_DEPLOYMENT_TARGET = 18.4;
				MARKETING_VERSION = 1.0;
				PRODUCT_BUNDLE_IDENTIFIER = com.ProDiabeticsTeam.NightScouttoHealthKitTests;
				PRODUCT_NAME = "$(TARGET_NAME)";
				SWIFT_EMIT_LOC_STRINGS = NO;
				SWIFT_VERSION = 5.0;
				TARGETED_DEVICE_FAMILY = "1,2";
				TEST_HOST = "$(BUILT_PRODUCTS_DIR)/NightScouttoHealthKit.app/$(BUNDLE_EXECUTABLE_FOLDER_PATH)/NightScouttoHealthKit";
			};
			name = Debug;
		};
		AD9FF5222DCE978700E50BD9 /* Release */ = {
			isa = XCBuildConfiguration;
			buildSettings = {
				BUNDLE_LOADER = "$(TEST_HOST)";
				CODE_SIGN_STYLE = Automatic;
				CURRENT_PROJECT_VERSION = 1;
				DEVELOPMENT_TEAM = HBDY6QA3N9;
				GENERATE_INFOPLIST_FILE = YES;
				IPHONEOS_DEPLOYMENT_TARGET = 18.4;
				MARKETING_VERSION = 1.0;
				PRODUCT_BUNDLE_IDENTIFIER = com.ProDiabeticsTeam.NightScouttoHealthKitTests;
				PRODUCT_NAME = "$(TARGET_NAME)";
				SWIFT_EMIT_LOC_STRINGS = NO;
				SWIFT_VERSION = 5.0;
				TARGETED_DEVICE_FAMILY = "1,2";
				TEST_HOST = "$(BUILT_PRODUCTS_DIR)/NightScouttoHealthKit.app/$(BUNDLE_EXECUTABLE_FOLDER_PATH)/NightScouttoHealthKit";
			};
			name = Release;
		};
		AD9FF5242DCE978700E50BD9 /* Debug */ = {
			isa = XCBuildConfiguration;
			buildSettings = {
				CODE_SIGN_STYLE = Automatic;
				CURRENT_PROJECT_VERSION = 1;
				DEVELOPMENT_TEAM = HBDY6QA3N9;
				GENERATE_INFOPLIST_FILE = YES;
				MARKETING_VERSION = 1.0;
				PRODUCT_BUNDLE_IDENTIFIER = com.ProDiabeticsTeam.NightScouttoHealthKitUITests;
				PRODUCT_NAME = "$(TARGET_NAME)";
				SWIFT_EMIT_LOC_STRINGS = NO;
				SWIFT_VERSION = 5.0;
				TARGETED_DEVICE_FAMILY = "1,2";
				TEST_TARGET_NAME = NightScouttoHealthKit;
			};
			name = Debug;
		};
		AD9FF5252DCE978700E50BD9 /* Release */ = {
			isa = XCBuildConfiguration;
			buildSettings = {
				CODE_SIGN_STYLE = Automatic;
				CURRENT_PROJECT_VERSION = 1;
				DEVELOPMENT_TEAM = HBDY6QA3N9;
				GENERATE_INFOPLIST_FILE = YES;
				MARKETING_VERSION = 1.0;
				PRODUCT_BUNDLE_IDENTIFIER = com.ProDiabeticsTeam.NightScouttoHealthKitUITests;
				PRODUCT_NAME = "$(TARGET_NAME)";
				SWIFT_EMIT_LOC_STRINGS = NO;
				SWIFT_VERSION = 5.0;
				TARGETED_DEVICE_FAMILY = "1,2";
				TEST_TARGET_NAME = NightScouttoHealthKit;
			};
			name = Release;
		};
		EE8FFDA52E3FD27000C9A13C /* Debug */ = {
			isa = XCBuildConfiguration;
			buildSettings = {
				CODE_SIGN_ENTITLEMENTS = OneSignalNotificationServiceExtension/OneSignalNotificationServiceExtension.entitlements;
				CODE_SIGN_STYLE = Automatic;
				CURRENT_PROJECT_VERSION = 1;
				DEVELOPMENT_TEAM = HBDY6QA3N9;
				GENERATE_INFOPLIST_FILE = YES;
				INFOPLIST_FILE = OneSignalNotificationServiceExtension/Info.plist;
				INFOPLIST_KEY_CFBundleDisplayName = OneSignalNotificationServiceExtension;
				INFOPLIST_KEY_NSHumanReadableCopyright = "";
				IPHONEOS_DEPLOYMENT_TARGET = 18.5;
				LD_RUNPATH_SEARCH_PATHS = (
					"$(inherited)",
					"@executable_path/Frameworks",
					"@executable_path/../../Frameworks",
				);
				MARKETING_VERSION = 1.0;
				PRODUCT_BUNDLE_IDENTIFIER = com.ProDiabeticsTeam.NightScouttoHealthKitv1.OneSignalNotificationServiceExtension;
				PRODUCT_NAME = "$(TARGET_NAME)";
				SKIP_INSTALL = YES;
				SWIFT_EMIT_LOC_STRINGS = YES;
				SWIFT_VERSION = 5.0;
				TARGETED_DEVICE_FAMILY = "1,2";
			};
			name = Debug;
		};
		EE8FFDA62E3FD27000C9A13C /* Release */ = {
			isa = XCBuildConfiguration;
			buildSettings = {
				CODE_SIGN_ENTITLEMENTS = OneSignalNotificationServiceExtension/OneSignalNotificationServiceExtension.entitlements;
				CODE_SIGN_STYLE = Automatic;
				CURRENT_PROJECT_VERSION = 1;
				DEVELOPMENT_TEAM = HBDY6QA3N9;
				GENERATE_INFOPLIST_FILE = YES;
				INFOPLIST_FILE = OneSignalNotificationServiceExtension/Info.plist;
				INFOPLIST_KEY_CFBundleDisplayName = OneSignalNotificationServiceExtension;
				INFOPLIST_KEY_NSHumanReadableCopyright = "";
				IPHONEOS_DEPLOYMENT_TARGET = 18.5;
				LD_RUNPATH_SEARCH_PATHS = (
					"$(inherited)",
					"@executable_path/Frameworks",
					"@executable_path/../../Frameworks",
				);
				MARKETING_VERSION = 1.0;
				PRODUCT_BUNDLE_IDENTIFIER = com.ProDiabeticsTeam.NightScouttoHealthKitv1.OneSignalNotificationServiceExtension;
				PRODUCT_NAME = "$(TARGET_NAME)";
				SKIP_INSTALL = YES;
				SWIFT_EMIT_LOC_STRINGS = YES;
				SWIFT_VERSION = 5.0;
				TARGETED_DEVICE_FAMILY = "1,2";
			};
			name = Release;
		};
/* End XCBuildConfiguration section */

/* Begin XCConfigurationList section */
		AD29B7282E393FF500D368D9 /* Build configuration list for PBXNativeTarget "BG Predict Watch App" */ = {
			isa = XCConfigurationList;
			buildConfigurations = (
				AD29B7292E393FF500D368D9 /* Debug */,
				AD29B72A2E393FF500D368D9 /* Release */,
			);
			defaultConfigurationIsVisible = 0;
			defaultConfigurationName = Release;
		};
		AD29B73D2E3940EA00D368D9 /* Build configuration list for PBXNativeTarget "PR GO Watch App" */ = {
			isa = XCConfigurationList;
			buildConfigurations = (
				AD29B73E2E3940EA00D368D9 /* Debug */,
				AD29B73F2E3940EA00D368D9 /* Release */,
			);
			defaultConfigurationIsVisible = 0;
			defaultConfigurationName = Release;
		};
		AD9FF4F52DCE978500E50BD9 /* Build configuration list for PBXProject "NightScouttoHealthKit" */ = {
			isa = XCConfigurationList;
			buildConfigurations = (
				AD9FF51B2DCE978700E50BD9 /* Debug */,
				AD9FF51C2DCE978700E50BD9 /* Release */,
			);
			defaultConfigurationIsVisible = 0;
			defaultConfigurationName = Release;
		};
		AD9FF51D2DCE978700E50BD9 /* Build configuration list for PBXNativeTarget "NightScouttoHealthKit" */ = {
			isa = XCConfigurationList;
			buildConfigurations = (
				AD9FF51E2DCE978700E50BD9 /* Debug */,
				AD9FF51F2DCE978700E50BD9 /* Release */,
			);
			defaultConfigurationIsVisible = 0;
			defaultConfigurationName = Release;
		};
		AD9FF5202DCE978700E50BD9 /* Build configuration list for PBXNativeTarget "NightScouttoHealthKitTests" */ = {
			isa = XCConfigurationList;
			buildConfigurations = (
				AD9FF5212DCE978700E50BD9 /* Debug */,
				AD9FF5222DCE978700E50BD9 /* Release */,
			);
			defaultConfigurationIsVisible = 0;
			defaultConfigurationName = Release;
		};
		AD9FF5232DCE978700E50BD9 /* Build configuration list for PBXNativeTarget "NightScouttoHealthKitUITests" */ = {
			isa = XCConfigurationList;
			buildConfigurations = (
				AD9FF5242DCE978700E50BD9 /* Debug */,
				AD9FF5252DCE978700E50BD9 /* Release */,
			);
			defaultConfigurationIsVisible = 0;
			defaultConfigurationName = Release;
		};
		EE8FFDA42E3FD27000C9A13C /* Build configuration list for PBXNativeTarget "OneSignalNotificationServiceExtension" */ = {
			isa = XCConfigurationList;
			buildConfigurations = (
				EE8FFDA52E3FD27000C9A13C /* Debug */,
				EE8FFDA62E3FD27000C9A13C /* Release */,
			);
			defaultConfigurationIsVisible = 0;
			defaultConfigurationName = Release;
		};
/* End XCConfigurationList section */

/* Begin XCRemoteSwiftPackageReference section */
		EE8FFDAA2E3FD3E700C9A13C /* XCRemoteSwiftPackageReference "OneSignal-iOS-SDK" */ = {
			isa = XCRemoteSwiftPackageReference;
			repositoryURL = "https://github.com/OneSignal/OneSignal-iOS-SDK";
			requirement = {
				kind = upToNextMajorVersion;
				minimumVersion = 5.2.14;
			};
		};
/* End XCRemoteSwiftPackageReference section */

/* Begin XCSwiftPackageProductDependency section */
		EE8FFDAB2E3FD3E700C9A13C /* OneSignalExtension */ = {
			isa = XCSwiftPackageProductDependency;
			package = EE8FFDAA2E3FD3E700C9A13C /* XCRemoteSwiftPackageReference "OneSignal-iOS-SDK" */;
			productName = OneSignalExtension;
		};
		EE8FFDAD2E3FD3E700C9A13C /* OneSignalFramework */ = {
			isa = XCSwiftPackageProductDependency;
			package = EE8FFDAA2E3FD3E700C9A13C /* XCRemoteSwiftPackageReference "OneSignal-iOS-SDK" */;
			productName = OneSignalFramework;
		};
		EE8FFDAF2E3FD3E700C9A13C /* OneSignalInAppMessages */ = {
			isa = XCSwiftPackageProductDependency;
			package = EE8FFDAA2E3FD3E700C9A13C /* XCRemoteSwiftPackageReference "OneSignal-iOS-SDK" */;
			productName = OneSignalInAppMessages;
		};
/* End XCSwiftPackageProductDependency section */
	};
	rootObject = AD9FF4F22DCE978500E50BD9 /* Project object */;
}
